
Microsoft Visual Studio Solution File, Format Version 12.00
# Visual Studio Version 17
VisualStudioVersion = 17.0.31903.59
MinimumVisualStudioVersion = 10.0.40219.1
Project("{2150E333-8FDC-42A3-9474-1A3956D46DE8}") = "src", "src", "{827E0CD3-B72D-47B6-A68D-7590B98EB39B}"
EndProject
Project("{2150E333-8FDC-42A3-9474-1A3956D46DE8}") = "Core", "Core", "{8D626EA8-CB54-BC41-363A-217881BEBA6E}"
EndProject
Project("{FAE04EC0-301F-11D3-BF4B-00C04F79EFBC}") = "RymoraLandOfHeroes.Core", "src\Core\RymoraLandOfHeroes.Core.csproj", "{506A6B9F-B756-43DD-BFD3-9F4EF17BAA58}"
EndProject
Project("{2150E333-8FDC-42A3-9474-1A3956D46DE8}") = "Tests", "Tests", "{CEA09484-30F6-4D44-02F6-822E06DBC57C}"
EndProject
Project("{FAE04EC0-301F-11D3-BF4B-00C04F79EFBC}") = "RymoraLandOfHeroes.Core.Tests", "src\Tests\RymoraLandOfHeroes.Core.Tests.csproj", "{492750BD-448F-4F69-B74B-7B7C8E7ACF81}"
EndProject
Project("{FAE04EC0-301F-11D3-BF4B-00C04F79EFBC}") = "Rymora-Land-of-Heroes", "Rymora-Land-of-Heroes.csproj", "{369A2D0B-9F7C-4643-9D88-D49A6BCEC314}"
EndProject
Global
	GlobalSection(SolutionConfigurationPlatforms) = preSolution
		Debug|Any CPU = Debug|Any CPU
		Debug|x64 = Debug|x64
		Debug|x86 = Debug|x86
		Release|Any CPU = Release|Any CPU
		Release|x64 = Release|x64
		Release|x86 = Release|x86
	EndGlobalSection
	GlobalSection(ProjectConfigurationPlatforms) = postSolution
		{506A6B9F-B756-43DD-BFD3-9F4EF17BAA58}.Debug|Any CPU.ActiveCfg = Debug|Any CPU
		{506A6B9F-B756-43DD-BFD3-9F4EF17BAA58}.Debug|Any CPU.Build.0 = Debug|Any CPU
		{506A6B9F-B756-43DD-BFD3-9F4EF17BAA58}.Debug|x64.ActiveCfg = Debug|Any CPU
		{506A6B9F-B756-43DD-BFD3-9F4EF17BAA58}.Debug|x64.Build.0 = Debug|Any CPU
		{506A6B9F-B756-43DD-BFD3-9F4EF17BAA58}.Debug|x86.ActiveCfg = Debug|Any CPU
		{506A6B9F-B756-43DD-BFD3-9F4EF17BAA58}.Debug|x86.Build.0 = Debug|Any CPU
		{506A6B9F-B756-43DD-BFD3-9F4EF17BAA58}.Release|Any CPU.ActiveCfg = Release|Any CPU
		{506A6B9F-B756-43DD-BFD3-9F4EF17BAA58}.Release|Any CPU.Build.0 = Release|Any CPU
		{506A6B9F-B756-43DD-BFD3-9F4EF17BAA58}.Release|x64.ActiveCfg = Release|Any CPU
		{506A6B9F-B756-43DD-BFD3-9F4EF17BAA58}.Release|x64.Build.0 = Release|Any CPU
		{506A6B9F-B756-43DD-BFD3-9F4EF17BAA58}.Release|x86.ActiveCfg = Release|Any CPU
		{506A6B9F-B756-43DD-BFD3-9F4EF17BAA58}.Release|x86.Build.0 = Release|Any CPU
		{492750BD-448F-4F69-B74B-7B7C8E7ACF81}.Debug|Any CPU.ActiveCfg = Debug|Any CPU
		{492750BD-448F-4F69-B74B-7B7C8E7ACF81}.Debug|Any CPU.Build.0 = Debug|Any CPU
		{492750BD-448F-4F69-B74B-7B7C8E7ACF81}.Debug|x64.ActiveCfg = Debug|Any CPU
		{492750BD-448F-4F69-B74B-7B7C8E7ACF81}.Debug|x64.Build.0 = Debug|Any CPU
		{492750BD-448F-4F69-B74B-7B7C8E7ACF81}.Debug|x86.ActiveCfg = Debug|Any CPU
		{492750BD-448F-4F69-B74B-7B7C8E7ACF81}.Debug|x86.Build.0 = Debug|Any CPU
		{492750BD-448F-4F69-B74B-7B7C8E7ACF81}.Release|Any CPU.ActiveCfg = Release|Any CPU
		{492750BD-448F-4F69-B74B-7B7C8E7ACF81}.Release|Any CPU.Build.0 = Release|Any CPU
		{492750BD-448F-4F69-B74B-7B7C8E7ACF81}.Release|x64.ActiveCfg = Release|Any CPU
		{492750BD-448F-4F69-B74B-7B7C8E7ACF81}.Release|x64.Build.0 = Release|Any CPU
		{492750BD-448F-4F69-B74B-7B7C8E7ACF81}.Release|x86.ActiveCfg = Release|Any CPU
		{492750BD-448F-4F69-B74B-7B7C8E7ACF81}.Release|x86.Build.0 = Release|Any CPU
		{369A2D0B-9F7C-4643-9D88-D49A6BCEC314}.Debug|Any CPU.ActiveCfg = Debug|Any CPU
		{369A2D0B-9F7C-4643-9D88-D49A6BCEC314}.Debug|Any CPU.Build.0 = Debug|Any CPU
		{369A2D0B-9F7C-4643-9D88-D49A6BCEC314}.Debug|x64.ActiveCfg = Debug|Any CPU
		{369A2D0B-9F7C-4643-9D88-D49A6BCEC314}.Debug|x64.Build.0 = Debug|Any CPU
		{369A2D0B-9F7C-4643-9D88-D49A6BCEC314}.Debug|x86.ActiveCfg = Debug|Any CPU
		{369A2D0B-9F7C-4643-9D88-D49A6BCEC314}.Debug|x86.Build.0 = Debug|Any CPU
		{369A2D0B-9F7C-4643-9D88-D49A6BCEC314}.Release|Any CPU.ActiveCfg = Debug|Any CPU
		{369A2D0B-9F7C-4643-9D88-D49A6BCEC314}.Release|Any CPU.Build.0 = Debug|Any CPU
		{369A2D0B-9F7C-4643-9D88-D49A6BCEC314}.Release|x64.ActiveCfg = Debug|Any CPU
		{369A2D0B-9F7C-4643-9D88-D49A6BCEC314}.Release|x64.Build.0 = Debug|Any CPU
		{369A2D0B-9F7C-4643-9D88-D49A6BCEC314}.Release|x86.ActiveCfg = Debug|Any CPU
		{369A2D0B-9F7C-4643-9D88-D49A6BCEC314}.Release|x86.Build.0 = Debug|Any CPU
	EndGlobalSection
	GlobalSection(SolutionProperties) = preSolution
		HideSolutionNode = FALSE
	EndGlobalSection
	GlobalSection(NestedProjects) = preSolution
		{8D626EA8-CB54-BC41-363A-217881BEBA6E} = {827E0CD3-B72D-47B6-A68D-7590B98EB39B}
		{506A6B9F-B756-43DD-BFD3-9F4EF17BAA58} = {8D626EA8-CB54-BC41-363A-217881BEBA6E}
		{CEA09484-30F6-4D44-02F6-822E06DBC57C} = {827E0CD3-B72D-47B6-A68D-7590B98EB39B}
		{492750BD-448F-4F69-B74B-7B7C8E7ACF81} = {CEA09484-30F6-4D44-02F6-822E06DBC57C}
	EndGlobalSection
EndGlobal
